// !$*UTF8*$!
{
	archiveVersion = 1;
	classes = {
	};
	objectVersion = 46;
	objects = {

/* Begin PBXBuildFile section */
		4C03655213BA023A00E8FA09 /* Foundation.framework in Frameworks */ = {isa = PBXBuildFile; fileRef = 4C03655113BA023A00E8FA09 /* Foundation.framework */; };
		4C03655D13BA023A00E8FA09 /* UIKit.framework in Frameworks */ = {isa = PBXBuildFile; fileRef = 4C03655C13BA023A00E8FA09 /* UIKit.framework */; };
		4C03655E13BA023A00E8FA09 /* Foundation.framework in Frameworks */ = {isa = PBXBuildFile; fileRef = 4C03655113BA023A00E8FA09 /* Foundation.framework */; };
		4C03656013BA023A00E8FA09 /* CoreGraphics.framework in Frameworks */ = {isa = PBXBuildFile; fileRef = 4C03655F13BA023A00E8FA09 /* CoreGraphics.framework */; };
		4C03656313BA023A00E8FA09 /* libFTLibrary.a in Frameworks */ = {isa = PBXBuildFile; fileRef = 4C03654E13BA023A00E8FA09 /* libFTLibrary.a */; };
		4C03656913BA023A00E8FA09 /* InfoPlist.strings in Resources */ = {isa = PBXBuildFile; fileRef = 4C03656713BA023A00E8FA09 /* InfoPlist.strings */; };
		4C03656C13BA023A00E8FA09 /* FTLibraryTests.h in Resources */ = {isa = PBXBuildFile; fileRef = 4C03656B13BA023A00E8FA09 /* FTLibraryTests.h */; };
		4C03656E13BA023A00E8FA09 /* FTLibraryTests.m in Sources */ = {isa = PBXBuildFile; fileRef = 4C03656D13BA023A00E8FA09 /* FTLibraryTests.m */; };
		4C0365FB13BA094300E8FA09 /* FTFilesystem.h in Headers */ = {isa = PBXBuildFile; fileRef = 4C0365F213BA094300E8FA09 /* FTFilesystem.h */; };
		4C0365FC13BA094300E8FA09 /* FTFilesystemIO.h in Headers */ = {isa = PBXBuildFile; fileRef = 4C0365F313BA094300E8FA09 /* FTFilesystemIO.h */; };
		4C0365FD13BA094300E8FA09 /* FTFilesystemIO.m in Sources */ = {isa = PBXBuildFile; fileRef = 4C0365F413BA094300E8FA09 /* FTFilesystemIO.m */; };
		4C0365FE13BA094300E8FA09 /* FTFilesystemIO.m in Sources */ = {isa = PBXBuildFile; fileRef = 4C0365F413BA094300E8FA09 /* FTFilesystemIO.m */; };
		4C0365FF13BA094300E8FA09 /* FTFilesystemPaths.h in Headers */ = {isa = PBXBuildFile; fileRef = 4C0365F513BA094300E8FA09 /* FTFilesystemPaths.h */; };
		4C03660013BA094300E8FA09 /* FTFilesystemPaths.m in Sources */ = {isa = PBXBuildFile; fileRef = 4C0365F613BA094300E8FA09 /* FTFilesystemPaths.m */; };
		4C03660113BA094300E8FA09 /* FTFilesystemPaths.m in Sources */ = {isa = PBXBuildFile; fileRef = 4C0365F613BA094300E8FA09 /* FTFilesystemPaths.m */; };
		4C03660213BA094300E8FA09 /* FTText.h in Headers */ = {isa = PBXBuildFile; fileRef = 4C0365F713BA094300E8FA09 /* FTText.h */; };
		4C03660313BA094300E8FA09 /* FTText.m in Sources */ = {isa = PBXBuildFile; fileRef = 4C0365F813BA094300E8FA09 /* FTText.m */; };
		4C03660413BA094300E8FA09 /* FTText.m in Sources */ = {isa = PBXBuildFile; fileRef = 4C0365F813BA094300E8FA09 /* FTText.m */; };
		4C03660513BA094300E8FA09 /* FTValidationText.h in Headers */ = {isa = PBXBuildFile; fileRef = 4C0365F913BA094300E8FA09 /* FTValidationText.h */; };
		4C03660613BA094300E8FA09 /* FTValidationText.m in Sources */ = {isa = PBXBuildFile; fileRef = 4C0365FA13BA094300E8FA09 /* FTValidationText.m */; };
		4C03660713BA094300E8FA09 /* FTValidationText.m in Sources */ = {isa = PBXBuildFile; fileRef = 4C0365FA13BA094300E8FA09 /* FTValidationText.m */; };
		4C03660C13BA096900E8FA09 /* FTTextEncoding.h in Headers */ = {isa = PBXBuildFile; fileRef = 4C03660A13BA096900E8FA09 /* FTTextEncoding.h */; };
		4C03660D13BA096900E8FA09 /* FTTextEncoding.m in Sources */ = {isa = PBXBuildFile; fileRef = 4C03660B13BA096900E8FA09 /* FTTextEncoding.m */; };
		4C03660E13BA096900E8FA09 /* FTTextEncoding.m in Sources */ = {isa = PBXBuildFile; fileRef = 4C03660B13BA096900E8FA09 /* FTTextEncoding.m */; };
		4C03663513BA0B3100E8FA09 /* NSArray+IGTools.h in Headers */ = {isa = PBXBuildFile; fileRef = 4C03661313BA0B3000E8FA09 /* NSArray+IGTools.h */; };
		4C03663613BA0B3100E8FA09 /* NSArray+IGTools.m in Sources */ = {isa = PBXBuildFile; fileRef = 4C03661413BA0B3000E8FA09 /* NSArray+IGTools.m */; };
		4C03663713BA0B3100E8FA09 /* NSArray+IGTools.m in Sources */ = {isa = PBXBuildFile; fileRef = 4C03661413BA0B3000E8FA09 /* NSArray+IGTools.m */; };
		4C03663813BA0B3100E8FA09 /* NSMutableArray+IGTools.h in Headers */ = {isa = PBXBuildFile; fileRef = 4C03661513BA0B3000E8FA09 /* NSMutableArray+IGTools.h */; };
		4C03663913BA0B3100E8FA09 /* NSMutableArray+IGTools.m in Sources */ = {isa = PBXBuildFile; fileRef = 4C03661613BA0B3000E8FA09 /* NSMutableArray+IGTools.m */; };
		4C03663A13BA0B3100E8FA09 /* NSMutableArray+IGTools.m in Sources */ = {isa = PBXBuildFile; fileRef = 4C03661613BA0B3000E8FA09 /* NSMutableArray+IGTools.m */; };
		4C03663B13BA0B3100E8FA09 /* NSString+IGTools.h in Headers */ = {isa = PBXBuildFile; fileRef = 4C03661713BA0B3000E8FA09 /* NSString+IGTools.h */; };
		4C03663C13BA0B3100E8FA09 /* NSString+IGTools.m in Sources */ = {isa = PBXBuildFile; fileRef = 4C03661813BA0B3000E8FA09 /* NSString+IGTools.m */; };
		4C03663D13BA0B3100E8FA09 /* NSString+IGTools.m in Sources */ = {isa = PBXBuildFile; fileRef = 4C03661813BA0B3000E8FA09 /* NSString+IGTools.m */; };
		4C03664113BA0B3100E8FA09 /* UIColor+HEXConverter.h in Headers */ = {isa = PBXBuildFile; fileRef = 4C03661B13BA0B3000E8FA09 /* UIColor+HEXConverter.h */; };
		4C03664213BA0B3100E8FA09 /* UIColor+HEXConverter.m in Sources */ = {isa = PBXBuildFile; fileRef = 4C03661C13BA0B3000E8FA09 /* UIColor+HEXConverter.m */; };
		4C03664313BA0B3100E8FA09 /* UIColor+HEXConverter.m in Sources */ = {isa = PBXBuildFile; fileRef = 4C03661C13BA0B3000E8FA09 /* UIColor+HEXConverter.m */; };
		4C03664413BA0B3100E8FA09 /* UIColor+IGTools.h in Headers */ = {isa = PBXBuildFile; fileRef = 4C03661D13BA0B3000E8FA09 /* UIColor+IGTools.h */; };
		4C03664513BA0B3100E8FA09 /* UIColor+IGTools.m in Sources */ = {isa = PBXBuildFile; fileRef = 4C03661E13BA0B3000E8FA09 /* UIColor+IGTools.m */; };
		4C03664613BA0B3100E8FA09 /* UIColor+IGTools.m in Sources */ = {isa = PBXBuildFile; fileRef = 4C03661E13BA0B3000E8FA09 /* UIColor+IGTools.m */; };
		4C03664713BA0B3100E8FA09 /* UIImage+Alpha.h in Headers */ = {isa = PBXBuildFile; fileRef = 4C03661F13BA0B3000E8FA09 /* UIImage+Alpha.h */; };
		4C03664813BA0B3100E8FA09 /* UIImage+Alpha.m in Sources */ = {isa = PBXBuildFile; fileRef = 4C03662013BA0B3000E8FA09 /* UIImage+Alpha.m */; };
		4C03664913BA0B3100E8FA09 /* UIImage+Alpha.m in Sources */ = {isa = PBXBuildFile; fileRef = 4C03662013BA0B3000E8FA09 /* UIImage+Alpha.m */; };
		4C03664A13BA0B3100E8FA09 /* UIImage+Resize.h in Headers */ = {isa = PBXBuildFile; fileRef = 4C03662113BA0B3000E8FA09 /* UIImage+Resize.h */; };
		4C03664B13BA0B3100E8FA09 /* UIImage+Resize.m in Sources */ = {isa = PBXBuildFile; fileRef = 4C03662213BA0B3000E8FA09 /* UIImage+Resize.m */; };
		4C03664C13BA0B3100E8FA09 /* UIImage+Resize.m in Sources */ = {isa = PBXBuildFile; fileRef = 4C03662213BA0B3000E8FA09 /* UIImage+Resize.m */; };
		4C03664D13BA0B3100E8FA09 /* UIImage+RoundedCorner.h in Headers */ = {isa = PBXBuildFile; fileRef = 4C03662313BA0B3000E8FA09 /* UIImage+RoundedCorner.h */; };
		4C03664E13BA0B3100E8FA09 /* UIImage+RoundedCorner.m in Sources */ = {isa = PBXBuildFile; fileRef = 4C03662413BA0B3000E8FA09 /* UIImage+RoundedCorner.m */; };
		4C03664F13BA0B3100E8FA09 /* UIImage+RoundedCorner.m in Sources */ = {isa = PBXBuildFile; fileRef = 4C03662413BA0B3000E8FA09 /* UIImage+RoundedCorner.m */; };
		4C03665013BA0B3100E8FA09 /* UIImage+Tint.h in Headers */ = {isa = PBXBuildFile; fileRef = 4C03662513BA0B3000E8FA09 /* UIImage+Tint.h */; };
		4C03665113BA0B3100E8FA09 /* UIImage+Tint.m in Sources */ = {isa = PBXBuildFile; fileRef = 4C03662613BA0B3000E8FA09 /* UIImage+Tint.m */; };
		4C03665213BA0B3100E8FA09 /* UIImage+Tint.m in Sources */ = {isa = PBXBuildFile; fileRef = 4C03662613BA0B3000E8FA09 /* UIImage+Tint.m */; };
		4C03665313BA0B3100E8FA09 /* UILabel+DynamicHeight.h in Headers */ = {isa = PBXBuildFile; fileRef = 4C03662713BA0B3000E8FA09 /* UILabel+DynamicHeight.h */; };
		4C03665413BA0B3100E8FA09 /* UILabel+DynamicHeight.m in Sources */ = {isa = PBXBuildFile; fileRef = 4C03662813BA0B3000E8FA09 /* UILabel+DynamicHeight.m */; };
		4C03665513BA0B3100E8FA09 /* UILabel+DynamicHeight.m in Sources */ = {isa = PBXBuildFile; fileRef = 4C03662813BA0B3000E8FA09 /* UILabel+DynamicHeight.m */; };
		4C03665613BA0B3100E8FA09 /* UINavigationController+Transition.h in Headers */ = {isa = PBXBuildFile; fileRef = 4C03662913BA0B3000E8FA09 /* UINavigationController+Transition.h */; };
		4C03665713BA0B3100E8FA09 /* UINavigationController+Transition.m in Sources */ = {isa = PBXBuildFile; fileRef = 4C03662A13BA0B3000E8FA09 /* UINavigationController+Transition.m */; };
		4C03665813BA0B3100E8FA09 /* UINavigationController+Transition.m in Sources */ = {isa = PBXBuildFile; fileRef = 4C03662A13BA0B3000E8FA09 /* UINavigationController+Transition.m */; };
		4C03665913BA0B3100E8FA09 /* UITabBarController+ItemsState.h in Headers */ = {isa = PBXBuildFile; fileRef = 4C03662B13BA0B3000E8FA09 /* UITabBarController+ItemsState.h */; };
		4C03665A13BA0B3100E8FA09 /* UITabBarController+ItemsState.m in Sources */ = {isa = PBXBuildFile; fileRef = 4C03662C13BA0B3000E8FA09 /* UITabBarController+ItemsState.m */; };
		4C03665B13BA0B3100E8FA09 /* UITabBarController+ItemsState.m in Sources */ = {isa = PBXBuildFile; fileRef = 4C03662C13BA0B3000E8FA09 /* UITabBarController+ItemsState.m */; };
		4C03665C13BA0B3100E8FA09 /* UIView+Capture.h in Headers */ = {isa = PBXBuildFile; fileRef = 4C03662D13BA0B3000E8FA09 /* UIView+Capture.h */; };
		4C03665D13BA0B3100E8FA09 /* UIView+Capture.m in Sources */ = {isa = PBXBuildFile; fileRef = 4C03662E13BA0B3000E8FA09 /* UIView+Capture.m */; };
		4C03665E13BA0B3100E8FA09 /* UIView+Capture.m in Sources */ = {isa = PBXBuildFile; fileRef = 4C03662E13BA0B3000E8FA09 /* UIView+Capture.m */; };
		4C03665F13BA0B3100E8FA09 /* UIView+IGTools.h in Headers */ = {isa = PBXBuildFile; fileRef = 4C03662F13BA0B3000E8FA09 /* UIView+IGTools.h */; };
		4C03666013BA0B3100E8FA09 /* UIView+IGTools.m in Sources */ = {isa = PBXBuildFile; fileRef = 4C03663013BA0B3000E8FA09 /* UIView+IGTools.m */; };
		4C03666113BA0B3100E8FA09 /* UIView+IGTools.m in Sources */ = {isa = PBXBuildFile; fileRef = 4C03663013BA0B3000E8FA09 /* UIView+IGTools.m */; };
		4C03666213BA0B3100E8FA09 /* UIView+Layout.h in Headers */ = {isa = PBXBuildFile; fileRef = 4C03663113BA0B3000E8FA09 /* UIView+Layout.h */; };
		4C03666313BA0B3100E8FA09 /* UIView+Layout.m in Sources */ = {isa = PBXBuildFile; fileRef = 4C03663213BA0B3000E8FA09 /* UIView+Layout.m */; };
		4C03666413BA0B3100E8FA09 /* UIView+Layout.m in Sources */ = {isa = PBXBuildFile; fileRef = 4C03663213BA0B3000E8FA09 /* UIView+Layout.m */; };
		4C03666513BA0B3100E8FA09 /* UIViewController+Utilities.h in Headers */ = {isa = PBXBuildFile; fileRef = 4C03663313BA0B3000E8FA09 /* UIViewController+Utilities.h */; };
		4C03666613BA0B3100E8FA09 /* UIViewController+Utilities.m in Sources */ = {isa = PBXBuildFile; fileRef = 4C03663413BA0B3000E8FA09 /* UIViewController+Utilities.m */; };
		4C03666713BA0B3100E8FA09 /* UIViewController+Utilities.m in Sources */ = {isa = PBXBuildFile; fileRef = 4C03663413BA0B3000E8FA09 /* UIViewController+Utilities.m */; };
		4C03666A13BA0C1100E8FA09 /* FTImageService.h in Headers */ = {isa = PBXBuildFile; fileRef = 4C03666813BA0C1100E8FA09 /* FTImageService.h */; };
		4C03666B13BA0C1100E8FA09 /* FTImageService.m in Sources */ = {isa = PBXBuildFile; fileRef = 4C03666913BA0C1100E8FA09 /* FTImageService.m */; };
		4C03666C13BA0C1100E8FA09 /* FTImageService.m in Sources */ = {isa = PBXBuildFile; fileRef = 4C03666913BA0C1100E8FA09 /* FTImageService.m */; };
		4C03667313BA0D6000E8FA09 /* FTViewController.h in Headers */ = {isa = PBXBuildFile; fileRef = 4C03667113BA0D6000E8FA09 /* FTViewController.h */; };
		4C03667413BA0D6000E8FA09 /* FTViewController.m in Sources */ = {isa = PBXBuildFile; fileRef = 4C03667213BA0D6000E8FA09 /* FTViewController.m */; };
		4C03667513BA0D6600E8FA09 /* FTViewController.m in Sources */ = {isa = PBXBuildFile; fileRef = 4C03667213BA0D6000E8FA09 /* FTViewController.m */; };
		4C72E6C413BA1A6E003EB741 /* FTProjectInitialization.h in Headers */ = {isa = PBXBuildFile; fileRef = 4C72E6C213BA1A6E003EB741 /* FTProjectInitialization.h */; };
		4C72E6C513BA1A6E003EB741 /* FTProjectInitialization.m in Sources */ = {isa = PBXBuildFile; fileRef = 4C72E6C313BA1A6E003EB741 /* FTProjectInitialization.m */; };
		4C72E6C613BA1A6E003EB741 /* FTProjectInitialization.m in Sources */ = {isa = PBXBuildFile; fileRef = 4C72E6C313BA1A6E003EB741 /* FTProjectInitialization.m */; };
		4C72E6C913BA1AC6003EB741 /* FTTracking.h in Headers */ = {isa = PBXBuildFile; fileRef = 4C72E6C713BA1AC6003EB741 /* FTTracking.h */; };
		4C72E6CA13BA1AC6003EB741 /* FTTracking.m in Sources */ = {isa = PBXBuildFile; fileRef = 4C72E6C813BA1AC6003EB741 /* FTTracking.m */; };
		4C72E6CB13BA1AC6003EB741 /* FTTracking.m in Sources */ = {isa = PBXBuildFile; fileRef = 4C72E6C813BA1AC6003EB741 /* FTTracking.m */; };
/* End PBXBuildFile section */

/* Begin PBXContainerItemProxy section */
		4C03656113BA023A00E8FA09 /* PBXContainerItemProxy */ = {
			isa = PBXContainerItemProxy;
			containerPortal = 4C03654513BA023A00E8FA09 /* Project object */;
			proxyType = 1;
			remoteGlobalIDString = 4C03654D13BA023A00E8FA09;
			remoteInfo = FTLibrary;
		};
/* End PBXContainerItemProxy section */

/* Begin PBXFileReference section */
		4C03654E13BA023A00E8FA09 /* libFTLibrary.a */ = {isa = PBXFileReference; explicitFileType = archive.ar; includeInIndex = 0; path = libFTLibrary.a; sourceTree = BUILT_PRODUCTS_DIR; };
		4C03655113BA023A00E8FA09 /* Foundation.framework */ = {isa = PBXFileReference; lastKnownFileType = wrapper.framework; name = Foundation.framework; path = System/Library/Frameworks/Foundation.framework; sourceTree = SDKROOT; };
		4C03655513BA023A00E8FA09 /* FTLibrary-Prefix.pch */ = {isa = PBXFileReference; lastKnownFileType = sourcecode.c.h; path = "FTLibrary-Prefix.pch"; sourceTree = "<group>"; };
		4C03655B13BA023A00E8FA09 /* FTLibraryTests.octest */ = {isa = PBXFileReference; explicitFileType = wrapper.cfbundle; includeInIndex = 0; path = FTLibraryTests.octest; sourceTree = BUILT_PRODUCTS_DIR; };
		4C03655C13BA023A00E8FA09 /* UIKit.framework */ = {isa = PBXFileReference; lastKnownFileType = wrapper.framework; name = UIKit.framework; path = System/Library/Frameworks/UIKit.framework; sourceTree = SDKROOT; };
		4C03655F13BA023A00E8FA09 /* CoreGraphics.framework */ = {isa = PBXFileReference; lastKnownFileType = wrapper.framework; name = CoreGraphics.framework; path = System/Library/Frameworks/CoreGraphics.framework; sourceTree = SDKROOT; };
		4C03656613BA023A00E8FA09 /* FTLibraryTests-Info.plist */ = {isa = PBXFileReference; lastKnownFileType = text.plist.xml; path = "FTLibraryTests-Info.plist"; sourceTree = "<group>"; };
		4C03656813BA023A00E8FA09 /* en */ = {isa = PBXFileReference; lastKnownFileType = text.plist.strings; name = en; path = en.lproj/InfoPlist.strings; sourceTree = "<group>"; };
		4C03656A13BA023A00E8FA09 /* FTLibraryTests-Prefix.pch */ = {isa = PBXFileReference; lastKnownFileType = sourcecode.c.h; path = "FTLibraryTests-Prefix.pch"; sourceTree = "<group>"; };
		4C03656B13BA023A00E8FA09 /* FTLibraryTests.h */ = {isa = PBXFileReference; lastKnownFileType = sourcecode.c.h; path = FTLibraryTests.h; sourceTree = "<group>"; };
		4C03656D13BA023A00E8FA09 /* FTLibraryTests.m */ = {isa = PBXFileReference; lastKnownFileType = sourcecode.c.objc; path = FTLibraryTests.m; sourceTree = "<group>"; };
		4C0365F213BA094300E8FA09 /* FTFilesystem.h */ = {isa = PBXFileReference; fileEncoding = 4; lastKnownFileType = sourcecode.c.h; path = FTFilesystem.h; sourceTree = "<group>"; };
		4C0365F313BA094300E8FA09 /* FTFilesystemIO.h */ = {isa = PBXFileReference; fileEncoding = 4; lastKnownFileType = sourcecode.c.h; path = FTFilesystemIO.h; sourceTree = "<group>"; };
		4C0365F413BA094300E8FA09 /* FTFilesystemIO.m */ = {isa = PBXFileReference; fileEncoding = 4; lastKnownFileType = sourcecode.c.objc; path = FTFilesystemIO.m; sourceTree = "<group>"; };
		4C0365F513BA094300E8FA09 /* FTFilesystemPaths.h */ = {isa = PBXFileReference; fileEncoding = 4; lastKnownFileType = sourcecode.c.h; path = FTFilesystemPaths.h; sourceTree = "<group>"; };
		4C0365F613BA094300E8FA09 /* FTFilesystemPaths.m */ = {isa = PBXFileReference; fileEncoding = 4; lastKnownFileType = sourcecode.c.objc; path = FTFilesystemPaths.m; sourceTree = "<group>"; };
		4C0365F713BA094300E8FA09 /* FTText.h */ = {isa = PBXFileReference; fileEncoding = 4; lastKnownFileType = sourcecode.c.h; path = FTText.h; sourceTree = "<group>"; };
		4C0365F813BA094300E8FA09 /* FTText.m */ = {isa = PBXFileReference; fileEncoding = 4; lastKnownFileType = sourcecode.c.objc; path = FTText.m; sourceTree = "<group>"; };
		4C0365F913BA094300E8FA09 /* FTValidationText.h */ = {isa = PBXFileReference; fileEncoding = 4; lastKnownFileType = sourcecode.c.h; path = FTValidationText.h; sourceTree = "<group>"; };
		4C0365FA13BA094300E8FA09 /* FTValidationText.m */ = {isa = PBXFileReference; fileEncoding = 4; lastKnownFileType = sourcecode.c.objc; path = FTValidationText.m; sourceTree = "<group>"; };
		4C03660A13BA096900E8FA09 /* FTTextEncoding.h */ = {isa = PBXFileReference; fileEncoding = 4; lastKnownFileType = sourcecode.c.h; path = FTTextEncoding.h; sourceTree = "<group>"; };
		4C03660B13BA096900E8FA09 /* FTTextEncoding.m */ = {isa = PBXFileReference; fileEncoding = 4; lastKnownFileType = sourcecode.c.objc; path = FTTextEncoding.m; sourceTree = "<group>"; };
		4C03661313BA0B3000E8FA09 /* NSArray+IGTools.h */ = {isa = PBXFileReference; fileEncoding = 4; lastKnownFileType = sourcecode.c.h; path = "NSArray+IGTools.h"; sourceTree = "<group>"; };
		4C03661413BA0B3000E8FA09 /* NSArray+IGTools.m */ = {isa = PBXFileReference; fileEncoding = 4; lastKnownFileType = sourcecode.c.objc; path = "NSArray+IGTools.m"; sourceTree = "<group>"; };
		4C03661513BA0B3000E8FA09 /* NSMutableArray+IGTools.h */ = {isa = PBXFileReference; fileEncoding = 4; lastKnownFileType = sourcecode.c.h; path = "NSMutableArray+IGTools.h"; sourceTree = "<group>"; };
		4C03661613BA0B3000E8FA09 /* NSMutableArray+IGTools.m */ = {isa = PBXFileReference; fileEncoding = 4; lastKnownFileType = sourcecode.c.objc; path = "NSMutableArray+IGTools.m"; sourceTree = "<group>"; };
		4C03661713BA0B3000E8FA09 /* NSString+IGTools.h */ = {isa = PBXFileReference; fileEncoding = 4; lastKnownFileType = sourcecode.c.h; path = "NSString+IGTools.h"; sourceTree = "<group>"; };
		4C03661813BA0B3000E8FA09 /* NSString+IGTools.m */ = {isa = PBXFileReference; fileEncoding = 4; lastKnownFileType = sourcecode.c.objc; path = "NSString+IGTools.m"; sourceTree = "<group>"; };
		4C03661B13BA0B3000E8FA09 /* UIColor+HEXConverter.h */ = {isa = PBXFileReference; fileEncoding = 4; lastKnownFileType = sourcecode.c.h; path = "UIColor+HEXConverter.h"; sourceTree = "<group>"; };
		4C03661C13BA0B3000E8FA09 /* UIColor+HEXConverter.m */ = {isa = PBXFileReference; fileEncoding = 4; lastKnownFileType = sourcecode.c.objc; path = "UIColor+HEXConverter.m"; sourceTree = "<group>"; };
		4C03661D13BA0B3000E8FA09 /* UIColor+IGTools.h */ = {isa = PBXFileReference; fileEncoding = 4; lastKnownFileType = sourcecode.c.h; path = "UIColor+IGTools.h"; sourceTree = "<group>"; };
		4C03661E13BA0B3000E8FA09 /* UIColor+IGTools.m */ = {isa = PBXFileReference; fileEncoding = 4; lastKnownFileType = sourcecode.c.objc; path = "UIColor+IGTools.m"; sourceTree = "<group>"; };
		4C03661F13BA0B3000E8FA09 /* UIImage+Alpha.h */ = {isa = PBXFileReference; fileEncoding = 4; lastKnownFileType = sourcecode.c.h; path = "UIImage+Alpha.h"; sourceTree = "<group>"; };
		4C03662013BA0B3000E8FA09 /* UIImage+Alpha.m */ = {isa = PBXFileReference; fileEncoding = 4; lastKnownFileType = sourcecode.c.objc; path = "UIImage+Alpha.m"; sourceTree = "<group>"; };
		4C03662113BA0B3000E8FA09 /* UIImage+Resize.h */ = {isa = PBXFileReference; fileEncoding = 4; lastKnownFileType = sourcecode.c.h; path = "UIImage+Resize.h"; sourceTree = "<group>"; };
		4C03662213BA0B3000E8FA09 /* UIImage+Resize.m */ = {isa = PBXFileReference; fileEncoding = 4; lastKnownFileType = sourcecode.c.objc; path = "UIImage+Resize.m"; sourceTree = "<group>"; };
		4C03662313BA0B3000E8FA09 /* UIImage+RoundedCorner.h */ = {isa = PBXFileReference; fileEncoding = 4; lastKnownFileType = sourcecode.c.h; path = "UIImage+RoundedCorner.h"; sourceTree = "<group>"; };
		4C03662413BA0B3000E8FA09 /* UIImage+RoundedCorner.m */ = {isa = PBXFileReference; fileEncoding = 4; lastKnownFileType = sourcecode.c.objc; path = "UIImage+RoundedCorner.m"; sourceTree = "<group>"; };
		4C03662513BA0B3000E8FA09 /* UIImage+Tint.h */ = {isa = PBXFileReference; fileEncoding = 4; lastKnownFileType = sourcecode.c.h; path = "UIImage+Tint.h"; sourceTree = "<group>"; };
		4C03662613BA0B3000E8FA09 /* UIImage+Tint.m */ = {isa = PBXFileReference; fileEncoding = 4; lastKnownFileType = sourcecode.c.objc; path = "UIImage+Tint.m"; sourceTree = "<group>"; };
		4C03662713BA0B3000E8FA09 /* UILabel+DynamicHeight.h */ = {isa = PBXFileReference; fileEncoding = 4; lastKnownFileType = sourcecode.c.h; path = "UILabel+DynamicHeight.h"; sourceTree = "<group>"; };
		4C03662813BA0B3000E8FA09 /* UILabel+DynamicHeight.m */ = {isa = PBXFileReference; fileEncoding = 4; lastKnownFileType = sourcecode.c.objc; path = "UILabel+DynamicHeight.m"; sourceTree = "<group>"; };
		4C03662913BA0B3000E8FA09 /* UINavigationController+Transition.h */ = {isa = PBXFileReference; fileEncoding = 4; lastKnownFileType = sourcecode.c.h; path = "UINavigationController+Transition.h"; sourceTree = "<group>"; };
		4C03662A13BA0B3000E8FA09 /* UINavigationController+Transition.m */ = {isa = PBXFileReference; fileEncoding = 4; lastKnownFileType = sourcecode.c.objc; path = "UINavigationController+Transition.m"; sourceTree = "<group>"; };
		4C03662B13BA0B3000E8FA09 /* UITabBarController+ItemsState.h */ = {isa = PBXFileReference; fileEncoding = 4; lastKnownFileType = sourcecode.c.h; path = "UITabBarController+ItemsState.h"; sourceTree = "<group>"; };
		4C03662C13BA0B3000E8FA09 /* UITabBarController+ItemsState.m */ = {isa = PBXFileReference; fileEncoding = 4; lastKnownFileType = sourcecode.c.objc; path = "UITabBarController+ItemsState.m"; sourceTree = "<group>"; };
		4C03662D13BA0B3000E8FA09 /* UIView+Capture.h */ = {isa = PBXFileReference; fileEncoding = 4; lastKnownFileType = sourcecode.c.h; path = "UIView+Capture.h"; sourceTree = "<group>"; };
		4C03662E13BA0B3000E8FA09 /* UIView+Capture.m */ = {isa = PBXFileReference; fileEncoding = 4; lastKnownFileType = sourcecode.c.objc; path = "UIView+Capture.m"; sourceTree = "<group>"; };
		4C03662F13BA0B3000E8FA09 /* UIView+IGTools.h */ = {isa = PBXFileReference; fileEncoding = 4; lastKnownFileType = sourcecode.c.h; path = "UIView+IGTools.h"; sourceTree = "<group>"; };
		4C03663013BA0B3000E8FA09 /* UIView+IGTools.m */ = {isa = PBXFileReference; fileEncoding = 4; lastKnownFileType = sourcecode.c.objc; path = "UIView+IGTools.m"; sourceTree = "<group>"; };
		4C03663113BA0B3000E8FA09 /* UIView+Layout.h */ = {isa = PBXFileReference; fileEncoding = 4; lastKnownFileType = sourcecode.c.h; path = "UIView+Layout.h"; sourceTree = "<group>"; };
		4C03663213BA0B3000E8FA09 /* UIView+Layout.m */ = {isa = PBXFileReference; fileEncoding = 4; lastKnownFileType = sourcecode.c.objc; path = "UIView+Layout.m"; sourceTree = "<group>"; };
		4C03663313BA0B3000E8FA09 /* UIViewController+Utilities.h */ = {isa = PBXFileReference; fileEncoding = 4; lastKnownFileType = sourcecode.c.h; path = "UIViewController+Utilities.h"; sourceTree = "<group>"; };
		4C03663413BA0B3000E8FA09 /* UIViewController+Utilities.m */ = {isa = PBXFileReference; fileEncoding = 4; lastKnownFileType = sourcecode.c.objc; path = "UIViewController+Utilities.m"; sourceTree = "<group>"; };
		4C03666813BA0C1100E8FA09 /* FTImageService.h */ = {isa = PBXFileReference; fileEncoding = 4; lastKnownFileType = sourcecode.c.h; path = FTImageService.h; sourceTree = "<group>"; };
		4C03666913BA0C1100E8FA09 /* FTImageService.m */ = {isa = PBXFileReference; fileEncoding = 4; lastKnownFileType = sourcecode.c.objc; path = FTImageService.m; sourceTree = "<group>"; };
		4C03667113BA0D6000E8FA09 /* FTViewController.h */ = {isa = PBXFileReference; fileEncoding = 4; lastKnownFileType = sourcecode.c.h; path = FTViewController.h; sourceTree = "<group>"; };
		4C03667213BA0D6000E8FA09 /* FTViewController.m */ = {isa = PBXFileReference; fileEncoding = 4; lastKnownFileType = sourcecode.c.objc; path = FTViewController.m; sourceTree = "<group>"; };
		4C72E6C213BA1A6E003EB741 /* FTProjectInitialization.h */ = {isa = PBXFileReference; fileEncoding = 4; lastKnownFileType = sourcecode.c.h; path = FTProjectInitialization.h; sourceTree = "<group>"; };
		4C72E6C313BA1A6E003EB741 /* FTProjectInitialization.m */ = {isa = PBXFileReference; fileEncoding = 4; lastKnownFileType = sourcecode.c.objc; path = FTProjectInitialization.m; sourceTree = "<group>"; };
		4C72E6C713BA1AC6003EB741 /* FTTracking.h */ = {isa = PBXFileReference; fileEncoding = 4; lastKnownFileType = sourcecode.c.h; path = FTTracking.h; sourceTree = "<group>"; };
		4C72E6C813BA1AC6003EB741 /* FTTracking.m */ = {isa = PBXFileReference; fileEncoding = 4; lastKnownFileType = sourcecode.c.objc; path = FTTracking.m; sourceTree = "<group>"; };
/* End PBXFileReference section */

/* Begin PBXFrameworksBuildPhase section */
		4C03654B13BA023A00E8FA09 /* Frameworks */ = {
			isa = PBXFrameworksBuildPhase;
			buildActionMask = 2147483647;
			files = (
				4C03655213BA023A00E8FA09 /* Foundation.framework in Frameworks */,
			);
			runOnlyForDeploymentPostprocessing = 0;
		};
		4C03655713BA023A00E8FA09 /* Frameworks */ = {
			isa = PBXFrameworksBuildPhase;
			buildActionMask = 2147483647;
			files = (
				4C03655D13BA023A00E8FA09 /* UIKit.framework in Frameworks */,
				4C03655E13BA023A00E8FA09 /* Foundation.framework in Frameworks */,
				4C03656013BA023A00E8FA09 /* CoreGraphics.framework in Frameworks */,
				4C03656313BA023A00E8FA09 /* libFTLibrary.a in Frameworks */,
			);
			runOnlyForDeploymentPostprocessing = 0;
		};
/* End PBXFrameworksBuildPhase section */

/* Begin PBXGroup section */
		4C03654313BA023A00E8FA09 = {
			isa = PBXGroup;
			children = (
				4C03655313BA023A00E8FA09 /* FTLibrary */,
				4C03655413BA023A00E8FA09 /* Supporting Files */,
				4C03656413BA023A00E8FA09 /* FTLibraryTests */,
				4C03655013BA023A00E8FA09 /* Frameworks */,
				4C03654F13BA023A00E8FA09 /* Products */,
			);
			sourceTree = "<group>";
		};
		4C03654F13BA023A00E8FA09 /* Products */ = {
			isa = PBXGroup;
			children = (
				4C03654E13BA023A00E8FA09 /* libFTLibrary.a */,
				4C03655B13BA023A00E8FA09 /* FTLibraryTests.octest */,
			);
			name = Products;
			sourceTree = "<group>";
		};
		4C03655013BA023A00E8FA09 /* Frameworks */ = {
			isa = PBXGroup;
			children = (
				4C03655113BA023A00E8FA09 /* Foundation.framework */,
				4C03655C13BA023A00E8FA09 /* UIKit.framework */,
				4C03655F13BA023A00E8FA09 /* CoreGraphics.framework */,
			);
			name = Frameworks;
			sourceTree = "<group>";
		};
		4C03655313BA023A00E8FA09 /* FTLibrary */ = {
			isa = PBXGroup;
			children = (
				4CD65F8213BA1CD5000754E4 /* Thirdparty */,
				4C72E6C013BA1A39003EB741 /* Project initialization */,
				4C03667013BA0D4300E8FA09 /* Controllers */,
				4C03666D13BA0C1300E8FA09 /* Images */,
				4C03661213BA0B1F00E8FA09 /* Categories */,
				4C03660913BA095400E8FA09 /* Text */,
				4C0365C913BA08DE00E8FA09 /* Filesystem */,
			);
			path = FTLibrary;
			sourceTree = "<group>";
		};
		4C03655413BA023A00E8FA09 /* Supporting Files */ = {
			isa = PBXGroup;
			children = (
				4C03655513BA023A00E8FA09 /* FTLibrary-Prefix.pch */,
			);
			name = "Supporting Files";
			path = FTLibrary;
			sourceTree = "<group>";
		};
		4C03656413BA023A00E8FA09 /* FTLibraryTests */ = {
			isa = PBXGroup;
			children = (
				4C03656B13BA023A00E8FA09 /* FTLibraryTests.h */,
				4C03656D13BA023A00E8FA09 /* FTLibraryTests.m */,
				4C03656513BA023A00E8FA09 /* Supporting Files */,
			);
			path = FTLibraryTests;
			sourceTree = "<group>";
		};
		4C03656513BA023A00E8FA09 /* Supporting Files */ = {
			isa = PBXGroup;
			children = (
				4C03656613BA023A00E8FA09 /* FTLibraryTests-Info.plist */,
				4C03656713BA023A00E8FA09 /* InfoPlist.strings */,
				4C03656A13BA023A00E8FA09 /* FTLibraryTests-Prefix.pch */,
			);
			name = "Supporting Files";
			sourceTree = "<group>";
		};
		4C0365C913BA08DE00E8FA09 /* Filesystem */ = {
			isa = PBXGroup;
			children = (
				4C0365F213BA094300E8FA09 /* FTFilesystem.h */,
				4C0365F313BA094300E8FA09 /* FTFilesystemIO.h */,
				4C0365F413BA094300E8FA09 /* FTFilesystemIO.m */,
				4C0365F513BA094300E8FA09 /* FTFilesystemPaths.h */,
				4C0365F613BA094300E8FA09 /* FTFilesystemPaths.m */,
			);
			name = Filesystem;
			sourceTree = "<group>";
		};
		4C03660913BA095400E8FA09 /* Text */ = {
			isa = PBXGroup;
			children = (
				4C0365F713BA094300E8FA09 /* FTText.h */,
				4C0365F813BA094300E8FA09 /* FTText.m */,
				4C0365F913BA094300E8FA09 /* FTValidationText.h */,
				4C0365FA13BA094300E8FA09 /* FTValidationText.m */,
				4C03660A13BA096900E8FA09 /* FTTextEncoding.h */,
				4C03660B13BA096900E8FA09 /* FTTextEncoding.m */,
			);
			name = Text;
			sourceTree = "<group>";
		};
		4C03661213BA0B1F00E8FA09 /* Categories */ = {
			isa = PBXGroup;
			children = (
				4C03661313BA0B3000E8FA09 /* NSArray+IGTools.h */,
				4C03661413BA0B3000E8FA09 /* NSArray+IGTools.m */,
				4C03661513BA0B3000E8FA09 /* NSMutableArray+IGTools.h */,
				4C03661613BA0B3000E8FA09 /* NSMutableArray+IGTools.m */,
				4C03661713BA0B3000E8FA09 /* NSString+IGTools.h */,
				4C03661813BA0B3000E8FA09 /* NSString+IGTools.m */,
				4C03661B13BA0B3000E8FA09 /* UIColor+HEXConverter.h */,
				4C03661C13BA0B3000E8FA09 /* UIColor+HEXConverter.m */,
				4C03661D13BA0B3000E8FA09 /* UIColor+IGTools.h */,
				4C03661E13BA0B3000E8FA09 /* UIColor+IGTools.m */,
				4C03661F13BA0B3000E8FA09 /* UIImage+Alpha.h */,
				4C03662013BA0B3000E8FA09 /* UIImage+Alpha.m */,
				4C03662113BA0B3000E8FA09 /* UIImage+Resize.h */,
				4C03662213BA0B3000E8FA09 /* UIImage+Resize.m */,
				4C03662313BA0B3000E8FA09 /* UIImage+RoundedCorner.h */,
				4C03662413BA0B3000E8FA09 /* UIImage+RoundedCorner.m */,
				4C03662513BA0B3000E8FA09 /* UIImage+Tint.h */,
				4C03662613BA0B3000E8FA09 /* UIImage+Tint.m */,
				4C03662713BA0B3000E8FA09 /* UILabel+DynamicHeight.h */,
				4C03662813BA0B3000E8FA09 /* UILabel+DynamicHeight.m */,
				4C03662913BA0B3000E8FA09 /* UINavigationController+Transition.h */,
				4C03662A13BA0B3000E8FA09 /* UINavigationController+Transition.m */,
				4C03662B13BA0B3000E8FA09 /* UITabBarController+ItemsState.h */,
				4C03662C13BA0B3000E8FA09 /* UITabBarController+ItemsState.m */,
				4C03662D13BA0B3000E8FA09 /* UIView+Capture.h */,
				4C03662E13BA0B3000E8FA09 /* UIView+Capture.m */,
				4C03662F13BA0B3000E8FA09 /* UIView+IGTools.h */,
				4C03663013BA0B3000E8FA09 /* UIView+IGTools.m */,
				4C03663113BA0B3000E8FA09 /* UIView+Layout.h */,
				4C03663213BA0B3000E8FA09 /* UIView+Layout.m */,
				4C03663313BA0B3000E8FA09 /* UIViewController+Utilities.h */,
				4C03663413BA0B3000E8FA09 /* UIViewController+Utilities.m */,
			);
			name = Categories;
			sourceTree = "<group>";
		};
		4C03666D13BA0C1300E8FA09 /* Images */ = {
			isa = PBXGroup;
			children = (
				4C03666813BA0C1100E8FA09 /* FTImageService.h */,
				4C03666913BA0C1100E8FA09 /* FTImageService.m */,
			);
			name = Images;
			sourceTree = "<group>";
		};
		4C03667013BA0D4300E8FA09 /* Controllers */ = {
			isa = PBXGroup;
			children = (
				4C03667113BA0D6000E8FA09 /* FTViewController.h */,
				4C03667213BA0D6000E8FA09 /* FTViewController.m */,
			);
			name = Controllers;
			sourceTree = "<group>";
		};
		4C72E6C013BA1A39003EB741 /* Project initialization */ = {
			isa = PBXGroup;
			children = (
				4C72E6C213BA1A6E003EB741 /* FTProjectInitialization.h */,
				4C72E6C313BA1A6E003EB741 /* FTProjectInitialization.m */,
				4C72E6C713BA1AC6003EB741 /* FTTracking.h */,
				4C72E6C813BA1AC6003EB741 /* FTTracking.m */,
			);
			name = "Project initialization";
			sourceTree = "<group>";
		};
		4CD65F8213BA1CD5000754E4 /* Thirdparty */ = {
			isa = PBXGroup;
			children = (
			);
			name = Thirdparty;
			sourceTree = "<group>";
		};
/* End PBXGroup section */

/* Begin PBXHeadersBuildPhase section */
		4C03654C13BA023A00E8FA09 /* Headers */ = {
			isa = PBXHeadersBuildPhase;
			buildActionMask = 2147483647;
			files = (
				4C0365FB13BA094300E8FA09 /* FTFilesystem.h in Headers */,
				4C0365FC13BA094300E8FA09 /* FTFilesystemIO.h in Headers */,
				4C0365FF13BA094300E8FA09 /* FTFilesystemPaths.h in Headers */,
				4C03660213BA094300E8FA09 /* FTText.h in Headers */,
				4C03660513BA094300E8FA09 /* FTValidationText.h in Headers */,
				4C03660C13BA096900E8FA09 /* FTTextEncoding.h in Headers */,
				4C03663513BA0B3100E8FA09 /* NSArray+IGTools.h in Headers */,
				4C03663813BA0B3100E8FA09 /* NSMutableArray+IGTools.h in Headers */,
				4C03663B13BA0B3100E8FA09 /* NSString+IGTools.h in Headers */,
				4C03664113BA0B3100E8FA09 /* UIColor+HEXConverter.h in Headers */,
				4C03664413BA0B3100E8FA09 /* UIColor+IGTools.h in Headers */,
				4C03664713BA0B3100E8FA09 /* UIImage+Alpha.h in Headers */,
				4C03664A13BA0B3100E8FA09 /* UIImage+Resize.h in Headers */,
				4C03664D13BA0B3100E8FA09 /* UIImage+RoundedCorner.h in Headers */,
				4C03665013BA0B3100E8FA09 /* UIImage+Tint.h in Headers */,
				4C03665313BA0B3100E8FA09 /* UILabel+DynamicHeight.h in Headers */,
				4C03665613BA0B3100E8FA09 /* UINavigationController+Transition.h in Headers */,
				4C03665913BA0B3100E8FA09 /* UITabBarController+ItemsState.h in Headers */,
				4C03665C13BA0B3100E8FA09 /* UIView+Capture.h in Headers */,
				4C03665F13BA0B3100E8FA09 /* UIView+IGTools.h in Headers */,
				4C03666213BA0B3100E8FA09 /* UIView+Layout.h in Headers */,
				4C03666513BA0B3100E8FA09 /* UIViewController+Utilities.h in Headers */,
				4C03666A13BA0C1100E8FA09 /* FTImageService.h in Headers */,
				4C03667313BA0D6000E8FA09 /* FTViewController.h in Headers */,
				4C72E6C413BA1A6E003EB741 /* FTProjectInitialization.h in Headers */,
				4C72E6C913BA1AC6003EB741 /* FTTracking.h in Headers */,
			);
			runOnlyForDeploymentPostprocessing = 0;
		};
/* End PBXHeadersBuildPhase section */

/* Begin PBXNativeTarget section */
		4C03654D13BA023A00E8FA09 /* FTLibrary */ = {
			isa = PBXNativeTarget;
			buildConfigurationList = 4C03657113BA023A00E8FA09 /* Build configuration list for PBXNativeTarget "FTLibrary" */;
			buildPhases = (
				4C03654A13BA023A00E8FA09 /* Sources */,
				4C03654B13BA023A00E8FA09 /* Frameworks */,
				4C03654C13BA023A00E8FA09 /* Headers */,
			);
			buildRules = (
			);
			dependencies = (
			);
			name = FTLibrary;
			productName = FTLibrary;
			productReference = 4C03654E13BA023A00E8FA09 /* libFTLibrary.a */;
			productType = "com.apple.product-type.library.static";
		};
		4C03655A13BA023A00E8FA09 /* FTLibraryTests */ = {
			isa = PBXNativeTarget;
			buildConfigurationList = 4C03657413BA023A00E8FA09 /* Build configuration list for PBXNativeTarget "FTLibraryTests" */;
			buildPhases = (
				4C03655613BA023A00E8FA09 /* Sources */,
				4C03655713BA023A00E8FA09 /* Frameworks */,
				4C03655813BA023A00E8FA09 /* Resources */,
				4C03655913BA023A00E8FA09 /* ShellScript */,
			);
			buildRules = (
			);
			dependencies = (
				4C03656213BA023A00E8FA09 /* PBXTargetDependency */,
			);
			name = FTLibraryTests;
			productName = FTLibraryTests;
			productReference = 4C03655B13BA023A00E8FA09 /* FTLibraryTests.octest */;
			productType = "com.apple.product-type.bundle";
		};
/* End PBXNativeTarget section */

/* Begin PBXProject section */
		4C03654513BA023A00E8FA09 /* Project object */ = {
			isa = PBXProject;
			attributes = {
				LastUpgradeCheck = 0420;
				ORGANIZATIONNAME = "Fuerte International";
			};
			buildConfigurationList = 4C03654813BA023A00E8FA09 /* Build configuration list for PBXProject "FTLibrary" */;
			compatibilityVersion = "Xcode 3.2";
			developmentRegion = English;
			hasScannedForEncodings = 0;
			knownRegions = (
				en,
			);
			mainGroup = 4C03654313BA023A00E8FA09;
			productRefGroup = 4C03654F13BA023A00E8FA09 /* Products */;
			projectDirPath = "";
			projectRoot = "";
			targets = (
				4C03654D13BA023A00E8FA09 /* FTLibrary */,
				4C03655A13BA023A00E8FA09 /* FTLibraryTests */,
			);
		};
/* End PBXProject section */

/* Begin PBXResourcesBuildPhase section */
		4C03655813BA023A00E8FA09 /* Resources */ = {
			isa = PBXResourcesBuildPhase;
			buildActionMask = 2147483647;
			files = (
				4C03656913BA023A00E8FA09 /* InfoPlist.strings in Resources */,
				4C03656C13BA023A00E8FA09 /* FTLibraryTests.h in Resources */,
			);
			runOnlyForDeploymentPostprocessing = 0;
		};
/* End PBXResourcesBuildPhase section */

/* Begin PBXShellScriptBuildPhase section */
		4C03655913BA023A00E8FA09 /* ShellScript */ = {
			isa = PBXShellScriptBuildPhase;
			buildActionMask = 2147483647;
			files = (
			);
			inputPaths = (
			);
			outputPaths = (
			);
			runOnlyForDeploymentPostprocessing = 0;
			shellPath = /bin/sh;
			shellScript = "# Run the unit tests in this test bundle.\n\"${SYSTEM_DEVELOPER_DIR}/Tools/RunUnitTests\"\n";
		};
/* End PBXShellScriptBuildPhase section */

/* Begin PBXSourcesBuildPhase section */
		4C03654A13BA023A00E8FA09 /* Sources */ = {
			isa = PBXSourcesBuildPhase;
			buildActionMask = 2147483647;
			files = (
				4C0365FD13BA094300E8FA09 /* FTFilesystemIO.m in Sources */,
				4C03660013BA094300E8FA09 /* FTFilesystemPaths.m in Sources */,
				4C03660313BA094300E8FA09 /* FTText.m in Sources */,
				4C03660613BA094300E8FA09 /* FTValidationText.m in Sources */,
				4C03660D13BA096900E8FA09 /* FTTextEncoding.m in Sources */,
				4C03663613BA0B3100E8FA09 /* NSArray+IGTools.m in Sources */,
				4C03663913BA0B3100E8FA09 /* NSMutableArray+IGTools.m in Sources */,
				4C03663C13BA0B3100E8FA09 /* NSString+IGTools.m in Sources */,
				4C03664213BA0B3100E8FA09 /* UIColor+HEXConverter.m in Sources */,
				4C03664513BA0B3100E8FA09 /* UIColor+IGTools.m in Sources */,
				4C03664813BA0B3100E8FA09 /* UIImage+Alpha.m in Sources */,
				4C03664B13BA0B3100E8FA09 /* UIImage+Resize.m in Sources */,
				4C03664E13BA0B3100E8FA09 /* UIImage+RoundedCorner.m in Sources */,
				4C03665113BA0B3100E8FA09 /* UIImage+Tint.m in Sources */,
				4C03665413BA0B3100E8FA09 /* UILabel+DynamicHeight.m in Sources */,
				4C03665713BA0B3100E8FA09 /* UINavigationController+Transition.m in Sources */,
				4C03665A13BA0B3100E8FA09 /* UITabBarController+ItemsState.m in Sources */,
				4C03665D13BA0B3100E8FA09 /* UIView+Capture.m in Sources */,
				4C03666013BA0B3100E8FA09 /* UIView+IGTools.m in Sources */,
				4C03666313BA0B3100E8FA09 /* UIView+Layout.m in Sources */,
				4C03666613BA0B3100E8FA09 /* UIViewController+Utilities.m in Sources */,
				4C03666B13BA0C1100E8FA09 /* FTImageService.m in Sources */,
				4C03667413BA0D6000E8FA09 /* FTViewController.m in Sources */,
				4C72E6C513BA1A6E003EB741 /* FTProjectInitialization.m in Sources */,
				4C72E6CA13BA1AC6003EB741 /* FTTracking.m in Sources */,
			);
			runOnlyForDeploymentPostprocessing = 0;
		};
		4C03655613BA023A00E8FA09 /* Sources */ = {
			isa = PBXSourcesBuildPhase;
			buildActionMask = 2147483647;
			files = (
				4C03656E13BA023A00E8FA09 /* FTLibraryTests.m in Sources */,
				4C0365FE13BA094300E8FA09 /* FTFilesystemIO.m in Sources */,
				4C03660113BA094300E8FA09 /* FTFilesystemPaths.m in Sources */,
				4C03660413BA094300E8FA09 /* FTText.m in Sources */,
				4C03660713BA094300E8FA09 /* FTValidationText.m in Sources */,
				4C03660E13BA096900E8FA09 /* FTTextEncoding.m in Sources */,
				4C03663713BA0B3100E8FA09 /* NSArray+IGTools.m in Sources */,
				4C03663A13BA0B3100E8FA09 /* NSMutableArray+IGTools.m in Sources */,
				4C03663D13BA0B3100E8FA09 /* NSString+IGTools.m in Sources */,
				4C03664313BA0B3100E8FA09 /* UIColor+HEXConverter.m in Sources */,
				4C03664613BA0B3100E8FA09 /* UIColor+IGTools.m in Sources */,
				4C03664913BA0B3100E8FA09 /* UIImage+Alpha.m in Sources */,
				4C03664C13BA0B3100E8FA09 /* UIImage+Resize.m in Sources */,
				4C03664F13BA0B3100E8FA09 /* UIImage+RoundedCorner.m in Sources */,
				4C03665213BA0B3100E8FA09 /* UIImage+Tint.m in Sources */,
				4C03665513BA0B3100E8FA09 /* UILabel+DynamicHeight.m in Sources */,
				4C03665813BA0B3100E8FA09 /* UINavigationController+Transition.m in Sources */,
				4C03665B13BA0B3100E8FA09 /* UITabBarController+ItemsState.m in Sources */,
				4C03665E13BA0B3100E8FA09 /* UIView+Capture.m in Sources */,
				4C03666113BA0B3100E8FA09 /* UIView+IGTools.m in Sources */,
				4C03666413BA0B3100E8FA09 /* UIView+Layout.m in Sources */,
				4C03666713BA0B3100E8FA09 /* UIViewController+Utilities.m in Sources */,
				4C03666C13BA0C1100E8FA09 /* FTImageService.m in Sources */,
				4C03667513BA0D6600E8FA09 /* FTViewController.m in Sources */,
				4C72E6C613BA1A6E003EB741 /* FTProjectInitialization.m in Sources */,
				4C72E6CB13BA1AC6003EB741 /* FTTracking.m in Sources */,
			);
			runOnlyForDeploymentPostprocessing = 0;
		};
/* End PBXSourcesBuildPhase section */

/* Begin PBXTargetDependency section */
		4C03656213BA023A00E8FA09 /* PBXTargetDependency */ = {
			isa = PBXTargetDependency;
			target = 4C03654D13BA023A00E8FA09 /* FTLibrary */;
			targetProxy = 4C03656113BA023A00E8FA09 /* PBXContainerItemProxy */;
		};
/* End PBXTargetDependency section */

/* Begin PBXVariantGroup section */
		4C03656713BA023A00E8FA09 /* InfoPlist.strings */ = {
			isa = PBXVariantGroup;
			children = (
				4C03656813BA023A00E8FA09 /* en */,
			);
			name = InfoPlist.strings;
			sourceTree = "<group>";
		};
/* End PBXVariantGroup section */

/* Begin XCBuildConfiguration section */
		4C03656F13BA023A00E8FA09 /* Debug */ = {
			isa = XCBuildConfiguration;
			buildSettings = {
				ARCHS = "$(ARCHS_STANDARD_32_BIT)";
				GCC_C_LANGUAGE_STANDARD = gnu99;
				GCC_OPTIMIZATION_LEVEL = 0;
				GCC_PREPROCESSOR_DEFINITIONS = DEBUG;
				GCC_SYMBOLS_PRIVATE_EXTERN = NO;
				GCC_VERSION = com.apple.compilers.llvmgcc42;
				GCC_WARN_ABOUT_RETURN_TYPE = YES;
				GCC_WARN_UNUSED_VARIABLE = YES;
				IPHONEOS_DEPLOYMENT_TARGET = 4.3;
				SDKROOT = iphoneos;
			};
			name = Debug;
		};
		4C03657013BA023A00E8FA09 /* Release */ = {
			isa = XCBuildConfiguration;
			buildSettings = {
				ARCHS = "$(ARCHS_STANDARD_32_BIT)";
				GCC_C_LANGUAGE_STANDARD = gnu99;
				GCC_VERSION = com.apple.compilers.llvmgcc42;
				GCC_WARN_ABOUT_RETURN_TYPE = YES;
				GCC_WARN_UNUSED_VARIABLE = YES;
				IPHONEOS_DEPLOYMENT_TARGET = 4.3;
				SDKROOT = iphoneos;
			};
			name = Release;
		};
		4C03657213BA023A00E8FA09 /* Debug */ = {
			isa = XCBuildConfiguration;
			buildSettings = {
				ALWAYS_SEARCH_USER_PATHS = NO;
				DSTROOT = /tmp/FTLibrary.dst;
				GCC_PRECOMPILE_PREFIX_HEADER = YES;
				GCC_PREFIX_HEADER = "FTLibrary/FTLibrary-Prefix.pch";
				IPHONEOS_DEPLOYMENT_TARGET = 3.2;
				OTHER_LDFLAGS = "-ObjC";
				PRODUCT_NAME = "$(TARGET_NAME)";
			};
			name = Debug;
		};
		4C03657313BA023A00E8FA09 /* Release */ = {
			isa = XCBuildConfiguration;
			buildSettings = {
				ALWAYS_SEARCH_USER_PATHS = NO;
				DSTROOT = /tmp/FTLibrary.dst;
				GCC_PRECOMPILE_PREFIX_HEADER = YES;
				GCC_PREFIX_HEADER = "FTLibrary/FTLibrary-Prefix.pch";
				IPHONEOS_DEPLOYMENT_TARGET = 3.2;
				OTHER_LDFLAGS = "-ObjC";
				PRODUCT_NAME = "$(TARGET_NAME)";
			};
			name = Release;
		};
		4C03657513BA023A00E8FA09 /* Debug */ = {
			isa = XCBuildConfiguration;
			buildSettings = {
				ALWAYS_SEARCH_USER_PATHS = NO;
				FRAMEWORK_SEARCH_PATHS = (
					"$(SDKROOT)/Developer/Library/Frameworks",
					"$(DEVELOPER_LIBRARY_DIR)/Frameworks",
				);
				GCC_PRECOMPILE_PREFIX_HEADER = YES;
				GCC_PREFIX_HEADER = "FTLibraryTests/FTLibraryTests-Prefix.pch";
				INFOPLIST_FILE = "FTLibraryTests/FTLibraryTests-Info.plist";
				OTHER_LDFLAGS = (
					"-framework",
					SenTestingKit,
				);
				PRODUCT_NAME = "$(TARGET_NAME)";
				WRAPPER_EXTENSION = octest;
			};
			name = Debug;
		};
		4C03657613BA023A00E8FA09 /* Release */ = {
			isa = XCBuildConfiguration;
			buildSettings = {
				ALWAYS_SEARCH_USER_PATHS = NO;
				FRAMEWORK_SEARCH_PATHS = (
					"$(SDKROOT)/Developer/Library/Frameworks",
					"$(DEVELOPER_LIBRARY_DIR)/Frameworks",
				);
				GCC_PRECOMPILE_PREFIX_HEADER = YES;
				GCC_PREFIX_HEADER = "FTLibraryTests/FTLibraryTests-Prefix.pch";
				INFOPLIST_FILE = "FTLibraryTests/FTLibraryTests-Info.plist";
				OTHER_LDFLAGS = (
					"-framework",
					SenTestingKit,
				);
				PRODUCT_NAME = "$(TARGET_NAME)";
				WRAPPER_EXTENSION = octest;
			};
			name = Release;
		};
/* End XCBuildConfiguration section */

/* Begin XCConfigurationList section */
		4C03654813BA023A00E8FA09 /* Build configuration list for PBXProject "FTLibrary" */ = {
			isa = XCConfigurationList;
			buildConfigurations = (
				4C03656F13BA023A00E8FA09 /* Debug */,
				4C03657013BA023A00E8FA09 /* Release */,
			);
			defaultConfigurationIsVisible = 0;
			defaultConfigurationName = Release;
		};
		4C03657113BA023A00E8FA09 /* Build configuration list for PBXNativeTarget "FTLibrary" */ = {
			isa = XCConfigurationList;
			buildConfigurations = (
				4C03657213BA023A00E8FA09 /* Debug */,
				4C03657313BA023A00E8FA09 /* Release */,
			);
			defaultConfigurationIsVisible = 0;
			defaultConfigurationName = Release;
		};
		4C03657413BA023A00E8FA09 /* Build configuration list for PBXNativeTarget "FTLibraryTests" */ = {
			isa = XCConfigurationList;
			buildConfigurations = (
				4C03657513BA023A00E8FA09 /* Debug */,
				4C03657613BA023A00E8FA09 /* Release */,
			);
			defaultConfigurationIsVisible = 0;
			defaultConfigurationName = Release;
		};
/* End XCConfigurationList section */
	};
	rootObject = 4C03654513BA023A00E8FA09 /* Project object */;
}
